# THIS IS AN AUTOGENERATED FILE. DO NOT EDIT THIS FILE DIRECTLY.
# yarn lockfile v1


"@fontsource/roboto@^4.5.8":
  version "4.5.8"
  resolved "https://registry.yarnpkg.com/@fontsource/roboto/-/roboto-4.5.8.tgz#56347764786079838faf43f0eeda22dd7328437f"
  integrity sha512-CnD7zLItIzt86q4Sj3kZUiLcBk1dSk81qcqgMGaZe7SQ1P8hFNxhMl5AZthK1zrDM5m74VVhaOpuMGIL4gagaA==
